
Microsoft Visual Studio Solution File, Format Version 12.00
# Visual Studio Version 17
VisualStudioVersion = 17.14.36623.8
MinimumVisualStudioVersion = 10.0.40219.1
Project("{FAE04EC0-301F-11D3-BF4B-00C04F79EFBC}") = "PR1", "PracticeWorksTwoSemesterThreeCourse\PR1.csproj", "{63E73E10-55BB-4975-80E1-AD32DF98111E}"
EndProject
Project("{FAE04EC0-301F-11D3-BF4B-00C04F79EFBC}") = "PR2", "PR2\PR2.csproj", "{E9232E5D-1024-4F1A-A78F-B02A68E70E73}"
EndProject
Project("{FAE04EC0-301F-11D3-BF4B-00C04F79EFBC}") = "PR3", "PR3\PR3.csproj", "{9867A8BE-BAE8-432F-B1CD-0AC8626A30EE}"
EndProject
Project("{FAE04EC0-301F-11D3-BF4B-00C04F79EFBC}") = "PR4", "PR4\PR4.csproj", "{8ED3F959-782A-4F9A-8EF3-AE3B6464737F}"
EndProject
Project("{FAE04EC0-301F-11D3-BF4B-00C04F79EFBC}") = "PR5", "PR5\PR5.csproj", "{1C6E067E-2D1E-4875-ABBE-47345F7E8666}"
EndProject
Project("{FAE04EC0-301F-11D3-BF4B-00C04F79EFBC}") = "PR6", "PR6\PR6.csproj", "{A883F951-A9FB-406B-965C-DC5509E4E9CF}"
EndProject
Project("{FAE04EC0-301F-11D3-BF4B-00C04F79EFBC}") = "PR7", "PR7\PR7.csproj", "{24575462-D077-4081-B2D5-975CC9D200A6}"
EndProject
Project("{FAE04EC0-301F-11D3-BF4B-00C04F79EFBC}") = "PR8", "PR8\PR8.csproj", "{058A108A-C07F-4741-8E4A-58C273DF67D0}"
EndProject
Project("{FAE04EC0-301F-11D3-BF4B-00C04F79EFBC}") = "PR9", "PR9\PR9.csproj", "{5B393490-A60F-4C56-97F3-1E978B378A99}"
EndProject
Project("{FAE04EC0-301F-11D3-BF4B-00C04F79EFBC}") = "PR10", "PR10\PR10.csproj", "{1F7C1B80-65DD-4CBE-96A1-AEC47FBD8F62}"
EndProject
Project("{FAE04EC0-301F-11D3-BF4B-00C04F79EFBC}") = "PR11", "PR11\PR11.csproj", "{39102EB4-BCA4-4C43-A77A-27F6C3CDBBCA}"
EndProject
Project("{FAE04EC0-301F-11D3-BF4B-00C04F79EFBC}") = "PR12", "PR12\PR12.csproj", "{A75D5DE1-3950-45CE-868D-4721936471A9}"
EndProject
Project("{FAE04EC0-301F-11D3-BF4B-00C04F79EFBC}") = "PR13", "PR13\PR13.csproj", "{6C45CC15-D13E-4AE6-9AB2-A377E7344610}"
EndProject
Project("{FAE04EC0-301F-11D3-BF4B-00C04F79EFBC}") = "PR14", "PR14\PR14.csproj", "{D8BFC8A4-8E0D-42E4-A3F9-887AF4ADD16F}"
EndProject
Project("{FAE04EC0-301F-11D3-BF4B-00C04F79EFBC}") = "PR15", "PR15\PR15.csproj", "{7349E370-4763-4F3B-98BB-537A4AC00CC0}"
EndProject
Project("{FAE04EC0-301F-11D3-BF4B-00C04F79EFBC}") = "PR16", "PR16\PR16.csproj", "{C13F3174-3705-4C21-987A-11A08EA22CDB}"
EndProject
Project("{FAE04EC0-301F-11D3-BF4B-00C04F79EFBC}") = "PR17", "PR17\PR17.csproj", "{17A64940-E323-414A-8FDB-C40F9B2CEC37}"
EndProject
Project("{FAE04EC0-301F-11D3-BF4B-00C04F79EFBC}") = "PR18", "PR18\PR18.csproj", "{3FB2B188-2E5E-4FCB-AF9E-21F7889FD0B8}"
EndProject
Project("{FAE04EC0-301F-11D3-BF4B-00C04F79EFBC}") = "PR19", "PR19\PR19.csproj", "{B876CC8E-B236-4E97-8E27-BE7A2298FC1B}"
EndProject
Project("{FAE04EC0-301F-11D3-BF4B-00C04F79EFBC}") = "PR20", "PR20\PR20.csproj", "{EC898C1E-A534-47AC-8864-E2B24F7472F3}"
EndProject
Project("{FAE04EC0-301F-11D3-BF4B-00C04F79EFBC}") = "PR21", "PR21\PR21.csproj", "{40EBF81C-4560-438C-86F1-3F41F888C2E0}"
EndProject
Global
	GlobalSection(SolutionConfigurationPlatforms) = preSolution
		Debug|Any CPU = Debug|Any CPU
		Release|Any CPU = Release|Any CPU
	EndGlobalSection
	GlobalSection(ProjectConfigurationPlatforms) = postSolution
		{63E73E10-55BB-4975-80E1-AD32DF98111E}.Debug|Any CPU.ActiveCfg = Debug|Any CPU
		{63E73E10-55BB-4975-80E1-AD32DF98111E}.Debug|Any CPU.Build.0 = Debug|Any CPU
		{63E73E10-55BB-4975-80E1-AD32DF98111E}.Release|Any CPU.ActiveCfg = Release|Any CPU
		{63E73E10-55BB-4975-80E1-AD32DF98111E}.Release|Any CPU.Build.0 = Release|Any CPU
		{E9232E5D-1024-4F1A-A78F-B02A68E70E73}.Debug|Any CPU.ActiveCfg = Debug|Any CPU
		{E9232E5D-1024-4F1A-A78F-B02A68E70E73}.Debug|Any CPU.Build.0 = Debug|Any CPU
		{E9232E5D-1024-4F1A-A78F-B02A68E70E73}.Release|Any CPU.ActiveCfg = Release|Any CPU
		{E9232E5D-1024-4F1A-A78F-B02A68E70E73}.Release|Any CPU.Build.0 = Release|Any CPU
		{9867A8BE-BAE8-432F-B1CD-0AC8626A30EE}.Debug|Any CPU.ActiveCfg = Debug|Any CPU
		{9867A8BE-BAE8-432F-B1CD-0AC8626A30EE}.Debug|Any CPU.Build.0 = Debug|Any CPU
		{9867A8BE-BAE8-432F-B1CD-0AC8626A30EE}.Release|Any CPU.ActiveCfg = Release|Any CPU
		{9867A8BE-BAE8-432F-B1CD-0AC8626A30EE}.Release|Any CPU.Build.0 = Release|Any CPU
		{8ED3F959-782A-4F9A-8EF3-AE3B6464737F}.Debug|Any CPU.ActiveCfg = Debug|Any CPU
		{8ED3F959-782A-4F9A-8EF3-AE3B6464737F}.Debug|Any CPU.Build.0 = Debug|Any CPU
		{8ED3F959-782A-4F9A-8EF3-AE3B6464737F}.Release|Any CPU.ActiveCfg = Release|Any CPU
		{8ED3F959-782A-4F9A-8EF3-AE3B6464737F}.Release|Any CPU.Build.0 = Release|Any CPU
		{1C6E067E-2D1E-4875-ABBE-47345F7E8666}.Debug|Any CPU.ActiveCfg = Debug|Any CPU
		{1C6E067E-2D1E-4875-ABBE-47345F7E8666}.Debug|Any CPU.Build.0 = Debug|Any CPU
		{1C6E067E-2D1E-4875-ABBE-47345F7E8666}.Release|Any CPU.ActiveCfg = Release|Any CPU
		{1C6E067E-2D1E-4875-ABBE-47345F7E8666}.Release|Any CPU.Build.0 = Release|Any CPU
		{A883F951-A9FB-406B-965C-DC5509E4E9CF}.Debug|Any CPU.ActiveCfg = Debug|Any CPU
		{A883F951-A9FB-406B-965C-DC5509E4E9CF}.Debug|Any CPU.Build.0 = Debug|Any CPU
		{A883F951-A9FB-406B-965C-DC5509E4E9CF}.Release|Any CPU.ActiveCfg = Release|Any CPU
		{A883F951-A9FB-406B-965C-DC5509E4E9CF}.Release|Any CPU.Build.0 = Release|Any CPU
		{24575462-D077-4081-B2D5-975CC9D200A6}.Debug|Any CPU.ActiveCfg = Debug|Any CPU
		{24575462-D077-4081-B2D5-975CC9D200A6}.Debug|Any CPU.Build.0 = Debug|Any CPU
		{24575462-D077-4081-B2D5-975CC9D200A6}.Release|Any CPU.ActiveCfg = Release|Any CPU
		{24575462-D077-4081-B2D5-975CC9D200A6}.Release|Any CPU.Build.0 = Release|Any CPU
		{058A108A-C07F-4741-8E4A-58C273DF67D0}.Debug|Any CPU.ActiveCfg = Debug|Any CPU
		{058A108A-C07F-4741-8E4A-58C273DF67D0}.Debug|Any CPU.Build.0 = Debug|Any CPU
		{058A108A-C07F-4741-8E4A-58C273DF67D0}.Release|Any CPU.ActiveCfg = Release|Any CPU
		{058A108A-C07F-4741-8E4A-58C273DF67D0}.Release|Any CPU.Build.0 = Release|Any CPU
		{5B393490-A60F-4C56-97F3-1E978B378A99}.Debug|Any CPU.ActiveCfg = Debug|Any CPU
		{5B393490-A60F-4C56-97F3-1E978B378A99}.Debug|Any CPU.Build.0 = Debug|Any CPU
		{5B393490-A60F-4C56-97F3-1E978B378A99}.Release|Any CPU.ActiveCfg = Release|Any CPU
		{5B393490-A60F-4C56-97F3-1E978B378A99}.Release|Any CPU.Build.0 = Release|Any CPU
		{1F7C1B80-65DD-4CBE-96A1-AEC47FBD8F62}.Debug|Any CPU.ActiveCfg = Debug|Any CPU
		{1F7C1B80-65DD-4CBE-96A1-AEC47FBD8F62}.Debug|Any CPU.Build.0 = Debug|Any CPU
		{1F7C1B80-65DD-4CBE-96A1-AEC47FBD8F62}.Release|Any CPU.ActiveCfg = Release|Any CPU
		{1F7C1B80-65DD-4CBE-96A1-AEC47FBD8F62}.Release|Any CPU.Build.0 = Release|Any CPU
		{39102EB4-BCA4-4C43-A77A-27F6C3CDBBCA}.Debug|Any CPU.ActiveCfg = Debug|Any CPU
		{39102EB4-BCA4-4C43-A77A-27F6C3CDBBCA}.Debug|Any CPU.Build.0 = Debug|Any CPU
		{39102EB4-BCA4-4C43-A77A-27F6C3CDBBCA}.Release|Any CPU.ActiveCfg = Release|Any CPU
		{39102EB4-BCA4-4C43-A77A-27F6C3CDBBCA}.Release|Any CPU.Build.0 = Release|Any CPU
		{A75D5DE1-3950-45CE-868D-4721936471A9}.Debug|Any CPU.ActiveCfg = Debug|Any CPU
		{A75D5DE1-3950-45CE-868D-4721936471A9}.Debug|Any CPU.Build.0 = Debug|Any CPU
		{A75D5DE1-3950-45CE-868D-4721936471A9}.Release|Any CPU.ActiveCfg = Release|Any CPU
		{A75D5DE1-3950-45CE-868D-4721936471A9}.Release|Any CPU.Build.0 = Release|Any CPU
		{6C45CC15-D13E-4AE6-9AB2-A377E7344610}.Debug|Any CPU.ActiveCfg = Debug|Any CPU
		{6C45CC15-D13E-4AE6-9AB2-A377E7344610}.Debug|Any CPU.Build.0 = Debug|Any CPU
		{6C45CC15-D13E-4AE6-9AB2-A377E7344610}.Release|Any CPU.ActiveCfg = Release|Any CPU
		{6C45CC15-D13E-4AE6-9AB2-A377E7344610}.Release|Any CPU.Build.0 = Release|Any CPU
		{D8BFC8A4-8E0D-42E4-A3F9-887AF4ADD16F}.Debug|Any CPU.ActiveCfg = Debug|Any CPU
		{D8BFC8A4-8E0D-42E4-A3F9-887AF4ADD16F}.Debug|Any CPU.Build.0 = Debug|Any CPU
		{D8BFC8A4-8E0D-42E4-A3F9-887AF4ADD16F}.Release|Any CPU.ActiveCfg = Release|Any CPU
		{D8BFC8A4-8E0D-42E4-A3F9-887AF4ADD16F}.Release|Any CPU.Build.0 = Release|Any CPU
		{7349E370-4763-4F3B-98BB-537A4AC00CC0}.Debug|Any CPU.ActiveCfg = Debug|Any CPU
		{7349E370-4763-4F3B-98BB-537A4AC00CC0}.Debug|Any CPU.Build.0 = Debug|Any CPU
		{7349E370-4763-4F3B-98BB-537A4AC00CC0}.Release|Any CPU.ActiveCfg = Release|Any CPU
		{7349E370-4763-4F3B-98BB-537A4AC00CC0}.Release|Any CPU.Build.0 = Release|Any CPU
		{C13F3174-3705-4C21-987A-11A08EA22CDB}.Debug|Any CPU.ActiveCfg = Debug|Any CPU
		{C13F3174-3705-4C21-987A-11A08EA22CDB}.Debug|Any CPU.Build.0 = Debug|Any CPU
		{C13F3174-3705-4C21-987A-11A08EA22CDB}.Release|Any CPU.ActiveCfg = Release|Any CPU
		{C13F3174-3705-4C21-987A-11A08EA22CDB}.Release|Any CPU.Build.0 = Release|Any CPU
		{17A64940-E323-414A-8FDB-C40F9B2CEC37}.Debug|Any CPU.ActiveCfg = Debug|Any CPU
		{17A64940-E323-414A-8FDB-C40F9B2CEC37}.Debug|Any CPU.Build.0 = Debug|Any CPU
		{17A64940-E323-414A-8FDB-C40F9B2CEC37}.Release|Any CPU.ActiveCfg = Release|Any CPU
		{17A64940-E323-414A-8FDB-C40F9B2CEC37}.Release|Any CPU.Build.0 = Release|Any CPU
		{3FB2B188-2E5E-4FCB-AF9E-21F7889FD0B8}.Debug|Any CPU.ActiveCfg = Debug|Any CPU
		{3FB2B188-2E5E-4FCB-AF9E-21F7889FD0B8}.Debug|Any CPU.Build.0 = Debug|Any CPU
		{3FB2B188-2E5E-4FCB-AF9E-21F7889FD0B8}.Release|Any CPU.ActiveCfg = Release|Any CPU
		{3FB2B188-2E5E-4FCB-AF9E-21F7889FD0B8}.Release|Any CPU.Build.0 = Release|Any CPU
		{B876CC8E-B236-4E97-8E27-BE7A2298FC1B}.Debug|Any CPU.ActiveCfg = Debug|Any CPU
		{B876CC8E-B236-4E97-8E27-BE7A2298FC1B}.Debug|Any CPU.Build.0 = Debug|Any CPU
		{B876CC8E-B236-4E97-8E27-BE7A2298FC1B}.Release|Any CPU.ActiveCfg = Release|Any CPU
		{B876CC8E-B236-4E97-8E27-BE7A2298FC1B}.Release|Any CPU.Build.0 = Release|Any CPU
		{EC898C1E-A534-47AC-8864-E2B24F7472F3}.Debug|Any CPU.ActiveCfg = Debug|Any CPU
		{EC898C1E-A534-47AC-8864-E2B24F7472F3}.Debug|Any CPU.Build.0 = Debug|Any CPU
		{EC898C1E-A534-47AC-8864-E2B24F7472F3}.Release|Any CPU.ActiveCfg = Release|Any CPU
		{EC898C1E-A534-47AC-8864-E2B24F7472F3}.Release|Any CPU.Build.0 = Release|Any CPU
		{40EBF81C-4560-438C-86F1-3F41F888C2E0}.Debug|Any CPU.ActiveCfg = Debug|Any CPU
		{40EBF81C-4560-438C-86F1-3F41F888C2E0}.Debug|Any CPU.Build.0 = Debug|Any CPU
		{40EBF81C-4560-438C-86F1-3F41F888C2E0}.Release|Any CPU.ActiveCfg = Release|Any CPU
		{40EBF81C-4560-438C-86F1-3F41F888C2E0}.Release|Any CPU.Build.0 = Release|Any CPU
	EndGlobalSection
	GlobalSection(SolutionProperties) = preSolution
		HideSolutionNode = FALSE
	EndGlobalSection
	GlobalSection(ExtensibilityGlobals) = postSolution
		SolutionGuid = {949B6D9C-7C83-4E6A-952D-8937EB1A1424}
	EndGlobalSection
EndGlobal
